
Microsoft Visual Studio Solution File, Format Version 12.00
# Visual Studio Version 17
VisualStudioVersion = 17.12.35707.178
MinimumVisualStudioVersion = 10.0.40219.1
Project("{2150E333-8FDC-42A3-9474-1A3956D46DE8}") = "Divers", "Divers", "{618967FA-E7DD-4B4E-96CE-3B3119F2700C}"
	ProjectSection(SolutionItems) = preProject
		Extra\ListeSites.xml = Extra\ListeSites.xml
		Extra\scenario1.ps1 = Extra\scenario1.ps1
		Extra\scenario2.ps1 = Extra\scenario2.ps1
		Extra\scenario3.ps1 = Extra\scenario3.ps1
		Extra\scenario4.ps1 = Extra\scenario4.ps1
		Extra\scenario5.ps1 = Extra\scenario5.ps1
		Extra\scenario6.ps1 = Extra\scenario6.ps1
		Extra\scenario7.ps1 = Extra\scenario7.ps1
		Extra\scenario8.ps1 = Extra\scenario8.ps1
		Extra\scenario9.ps1 = Extra\scenario9.ps1
	EndProjectSection
EndProject
Project("{FAE04EC0-301F-11D3-BF4B-00C04F79EFBC}") = "ComLineCommon", "ComLineCommon\ComLineCommon.csproj", "{4018457D-D1EC-406B-AF40-7D7ACB89B189}"
EndProject
Project("{FAE04EC0-301F-11D3-BF4B-00C04F79EFBC}") = "ComLineConsoleApp", "ComLineConsoleApp\ComLineConsoleApp.csproj", "{4B4D619D-01A2-4420-945F-64268353D53F}"
EndProject
Project("{FAE04EC0-301F-11D3-BF4B-00C04F79EFBC}") = "ComLineData", "ComLineData\ComLineData.csproj", "{21BF60CC-B57C-4877-B746-E7A39F7B454D}"
EndProject
Project("{FAE04EC0-301F-11D3-BF4B-00C04F79EFBC}") = "ComLineManager", "ComlineManager\ComLineManager.csproj", "{F67BBE74-898A-467F-8D7F-E20E3D013B42}"
EndProject
Project("{FAE04EC0-301F-11D3-BF4B-00C04F79EFBC}") = "ComlineServices.ServiceData", "ComlineServiceData\ComlineServices.ServiceData.csproj", "{7F87E415-A5E7-4B43-A4C2-A52A18DE3E8C}"
EndProject
Project("{FAE04EC0-301F-11D3-BF4B-00C04F79EFBC}") = "ComlineServices.ServiceSystem", "ComlineServiceSystem\ComlineServices.ServiceSystem.csproj", "{DB3FC772-456B-4B71-8159-D4550116DA4A}"
EndProject
Project("{FAE04EC0-301F-11D3-BF4B-00C04F79EFBC}") = "ComlineServices.ServiceApi", "ComlineServiceApi\ComlineServices.ServiceApi.csproj", "{6226BDF7-8D74-41DC-9561-40B2230062D6}"
EndProject
Project("{FAE04EC0-301F-11D3-BF4B-00C04F79EFBC}") = "Manosque.Console", "Manosque.Console\Manosque.Console.csproj", "{094DEE52-A488-4555-B85F-D1CCFD625E48}"
EndProject
Project("{FAE04EC0-301F-11D3-BF4B-00C04F79EFBC}") = "Manosque.Maui", "Manosque.Maui\Manosque.Maui.csproj", "{F6F79CB8-406D-4576-A74F-A1C69AFD4C51}"
EndProject
Project("{FAE04EC0-301F-11D3-BF4B-00C04F79EFBC}") = "Manosque.ServiceData", "Manosque.ServiceData\Manosque.ServiceData.csproj", "{2EE6E6A4-6940-4A23-9275-7F203405DC0C}"
EndProject
Project("{FAE04EC0-301F-11D3-BF4B-00C04F79EFBC}") = "MktCore8", "MktCore8\MktCore8.csproj", "{420CB94B-5503-4181-99A6-206C23B00488}"
EndProject
Project("{2150E333-8FDC-42A3-9474-1A3956D46DE8}") = "Poc", "Poc", "{F746AC51-7A3B-46FC-9B46-A31CFAB69D5D}"
EndProject
Project("{FAE04EC0-301F-11D3-BF4B-00C04F79EFBC}") = "CronDemo", "Poc\CronDemo\CronDemo.csproj", "{4ED5A136-7662-4CEF-9FDC-65239702D9AB}"
EndProject
Project("{FAE04EC0-301F-11D3-BF4B-00C04F79EFBC}") = "FileStorageMaui", "Poc\FileStorageMaui\FileStorageMaui.csproj", "{005F77A9-56A9-43C0-9F7B-DD6BB3087988}"
EndProject
Project("{FAE04EC0-301F-11D3-BF4B-00C04F79EFBC}") = "SqLiteMaui", "Poc\SqLiteMaui\SqLiteMaui.csproj", "{C627631A-B560-4947-A7B6-ADC24CF64C8B}"
EndProject
Project("{FAE04EC0-301F-11D3-BF4B-00C04F79EFBC}") = "PocNav", "PocNav\PocNav.csproj", "{0DAF5DEC-04EE-4AC7-8E40-F880421717BE}"
EndProject
Project("{FAE04EC0-301F-11D3-BF4B-00C04F79EFBC}") = "MktPoc", "Poc\MktPoc\MktPoc.csproj", "{9149A73F-236A-43FB-8107-32DD288A9F03}"
EndProject
Project("{FAE04EC0-301F-11D3-BF4B-00C04F79EFBC}") = "Poc_21", "Poc_21\Poc_21.csproj", "{17CD1FA4-19B2-440E-911B-9BF3DA33B8F5}"
EndProject
Global
	GlobalSection(SolutionConfigurationPlatforms) = preSolution
		Debug|Any CPU = Debug|Any CPU
		Release|Any CPU = Release|Any CPU
	EndGlobalSection
	GlobalSection(ProjectConfigurationPlatforms) = postSolution
		{4018457D-D1EC-406B-AF40-7D7ACB89B189}.Debug|Any CPU.ActiveCfg = Debug|Any CPU
		{4018457D-D1EC-406B-AF40-7D7ACB89B189}.Debug|Any CPU.Build.0 = Debug|Any CPU
		{4018457D-D1EC-406B-AF40-7D7ACB89B189}.Release|Any CPU.ActiveCfg = Release|Any CPU
		{4018457D-D1EC-406B-AF40-7D7ACB89B189}.Release|Any CPU.Build.0 = Release|Any CPU
		{4B4D619D-01A2-4420-945F-64268353D53F}.Debug|Any CPU.ActiveCfg = Debug|Any CPU
		{4B4D619D-01A2-4420-945F-64268353D53F}.Debug|Any CPU.Build.0 = Debug|Any CPU
		{4B4D619D-01A2-4420-945F-64268353D53F}.Release|Any CPU.ActiveCfg = Release|Any CPU
		{4B4D619D-01A2-4420-945F-64268353D53F}.Release|Any CPU.Build.0 = Release|Any CPU
		{21BF60CC-B57C-4877-B746-E7A39F7B454D}.Debug|Any CPU.ActiveCfg = Debug|Any CPU
		{21BF60CC-B57C-4877-B746-E7A39F7B454D}.Debug|Any CPU.Build.0 = Debug|Any CPU
		{21BF60CC-B57C-4877-B746-E7A39F7B454D}.Release|Any CPU.ActiveCfg = Release|Any CPU
		{21BF60CC-B57C-4877-B746-E7A39F7B454D}.Release|Any CPU.Build.0 = Release|Any CPU
		{F67BBE74-898A-467F-8D7F-E20E3D013B42}.Debug|Any CPU.ActiveCfg = Debug|Any CPU
		{F67BBE74-898A-467F-8D7F-E20E3D013B42}.Debug|Any CPU.Build.0 = Debug|Any CPU
		{F67BBE74-898A-467F-8D7F-E20E3D013B42}.Release|Any CPU.ActiveCfg = Release|Any CPU
		{F67BBE74-898A-467F-8D7F-E20E3D013B42}.Release|Any CPU.Build.0 = Release|Any CPU
		{7F87E415-A5E7-4B43-A4C2-A52A18DE3E8C}.Debug|Any CPU.ActiveCfg = Debug|Any CPU
		{7F87E415-A5E7-4B43-A4C2-A52A18DE3E8C}.Debug|Any CPU.Build.0 = Debug|Any CPU
		{7F87E415-A5E7-4B43-A4C2-A52A18DE3E8C}.Release|Any CPU.ActiveCfg = Release|Any CPU
		{7F87E415-A5E7-4B43-A4C2-A52A18DE3E8C}.Release|Any CPU.Build.0 = Release|Any CPU
		{DB3FC772-456B-4B71-8159-D4550116DA4A}.Debug|Any CPU.ActiveCfg = Debug|Any CPU
		{DB3FC772-456B-4B71-8159-D4550116DA4A}.Debug|Any CPU.Build.0 = Debug|Any CPU
		{DB3FC772-456B-4B71-8159-D4550116DA4A}.Release|Any CPU.ActiveCfg = Release|Any CPU
		{DB3FC772-456B-4B71-8159-D4550116DA4A}.Release|Any CPU.Build.0 = Release|Any CPU
		{6226BDF7-8D74-41DC-9561-40B2230062D6}.Debug|Any CPU.ActiveCfg = Debug|Any CPU
		{6226BDF7-8D74-41DC-9561-40B2230062D6}.Debug|Any CPU.Build.0 = Debug|Any CPU
		{6226BDF7-8D74-41DC-9561-40B2230062D6}.Release|Any CPU.ActiveCfg = Release|Any CPU
		{6226BDF7-8D74-41DC-9561-40B2230062D6}.Release|Any CPU.Build.0 = Release|Any CPU
		{094DEE52-A488-4555-B85F-D1CCFD625E48}.Debug|Any CPU.ActiveCfg = Debug|Any CPU
		{094DEE52-A488-4555-B85F-D1CCFD625E48}.Debug|Any CPU.Build.0 = Debug|Any CPU
		{094DEE52-A488-4555-B85F-D1CCFD625E48}.Release|Any CPU.ActiveCfg = Release|Any CPU
		{094DEE52-A488-4555-B85F-D1CCFD625E48}.Release|Any CPU.Build.0 = Release|Any CPU
		{F6F79CB8-406D-4576-A74F-A1C69AFD4C51}.Debug|Any CPU.ActiveCfg = Debug|Any CPU
		{F6F79CB8-406D-4576-A74F-A1C69AFD4C51}.Debug|Any CPU.Build.0 = Debug|Any CPU
		{F6F79CB8-406D-4576-A74F-A1C69AFD4C51}.Debug|Any CPU.Deploy.0 = Debug|Any CPU
		{F6F79CB8-406D-4576-A74F-A1C69AFD4C51}.Release|Any CPU.ActiveCfg = Release|Any CPU
		{F6F79CB8-406D-4576-A74F-A1C69AFD4C51}.Release|Any CPU.Build.0 = Release|Any CPU
		{F6F79CB8-406D-4576-A74F-A1C69AFD4C51}.Release|Any CPU.Deploy.0 = Release|Any CPU
		{2EE6E6A4-6940-4A23-9275-7F203405DC0C}.Debug|Any CPU.ActiveCfg = Debug|Any CPU
		{2EE6E6A4-6940-4A23-9275-7F203405DC0C}.Debug|Any CPU.Build.0 = Debug|Any CPU
		{2EE6E6A4-6940-4A23-9275-7F203405DC0C}.Release|Any CPU.ActiveCfg = Release|Any CPU
		{2EE6E6A4-6940-4A23-9275-7F203405DC0C}.Release|Any CPU.Build.0 = Release|Any CPU
		{420CB94B-5503-4181-99A6-206C23B00488}.Debug|Any CPU.ActiveCfg = Debug|Any CPU
		{420CB94B-5503-4181-99A6-206C23B00488}.Debug|Any CPU.Build.0 = Debug|Any CPU
		{420CB94B-5503-4181-99A6-206C23B00488}.Release|Any CPU.ActiveCfg = Release|Any CPU
		{420CB94B-5503-4181-99A6-206C23B00488}.Release|Any CPU.Build.0 = Release|Any CPU
		{4ED5A136-7662-4CEF-9FDC-65239702D9AB}.Debug|Any CPU.ActiveCfg = Debug|Any CPU
		{4ED5A136-7662-4CEF-9FDC-65239702D9AB}.Debug|Any CPU.Build.0 = Debug|Any CPU
		{4ED5A136-7662-4CEF-9FDC-65239702D9AB}.Release|Any CPU.ActiveCfg = Release|Any CPU
		{4ED5A136-7662-4CEF-9FDC-65239702D9AB}.Release|Any CPU.Build.0 = Release|Any CPU
		{005F77A9-56A9-43C0-9F7B-DD6BB3087988}.Debug|Any CPU.ActiveCfg = Debug|Any CPU
		{005F77A9-56A9-43C0-9F7B-DD6BB3087988}.Debug|Any CPU.Build.0 = Debug|Any CPU
		{005F77A9-56A9-43C0-9F7B-DD6BB3087988}.Debug|Any CPU.Deploy.0 = Debug|Any CPU
		{005F77A9-56A9-43C0-9F7B-DD6BB3087988}.Release|Any CPU.ActiveCfg = Release|Any CPU
		{005F77A9-56A9-43C0-9F7B-DD6BB3087988}.Release|Any CPU.Build.0 = Release|Any CPU
		{C627631A-B560-4947-A7B6-ADC24CF64C8B}.Debug|Any CPU.ActiveCfg = Debug|Any CPU
		{C627631A-B560-4947-A7B6-ADC24CF64C8B}.Debug|Any CPU.Build.0 = Debug|Any CPU
		{C627631A-B560-4947-A7B6-ADC24CF64C8B}.Release|Any CPU.ActiveCfg = Release|Any CPU
		{C627631A-B560-4947-A7B6-ADC24CF64C8B}.Release|Any CPU.Build.0 = Release|Any CPU
		{0DAF5DEC-04EE-4AC7-8E40-F880421717BE}.Debug|Any CPU.ActiveCfg = Debug|Any CPU
		{0DAF5DEC-04EE-4AC7-8E40-F880421717BE}.Debug|Any CPU.Build.0 = Debug|Any CPU
		{0DAF5DEC-04EE-4AC7-8E40-F880421717BE}.Debug|Any CPU.Deploy.0 = Debug|Any CPU
		{0DAF5DEC-04EE-4AC7-8E40-F880421717BE}.Release|Any CPU.ActiveCfg = Release|Any CPU
		{0DAF5DEC-04EE-4AC7-8E40-F880421717BE}.Release|Any CPU.Build.0 = Release|Any CPU
		{0DAF5DEC-04EE-4AC7-8E40-F880421717BE}.Release|Any CPU.Deploy.0 = Release|Any CPU
		{9149A73F-236A-43FB-8107-32DD288A9F03}.Debug|Any CPU.ActiveCfg = Debug|Any CPU
		{9149A73F-236A-43FB-8107-32DD288A9F03}.Debug|Any CPU.Build.0 = Debug|Any CPU
		{9149A73F-236A-43FB-8107-32DD288A9F03}.Release|Any CPU.ActiveCfg = Release|Any CPU
		{9149A73F-236A-43FB-8107-32DD288A9F03}.Release|Any CPU.Build.0 = Release|Any CPU
		{17CD1FA4-19B2-440E-911B-9BF3DA33B8F5}.Debug|Any CPU.ActiveCfg = Debug|Any CPU
		{17CD1FA4-19B2-440E-911B-9BF3DA33B8F5}.Debug|Any CPU.Build.0 = Debug|Any CPU
		{17CD1FA4-19B2-440E-911B-9BF3DA33B8F5}.Release|Any CPU.ActiveCfg = Release|Any CPU
		{17CD1FA4-19B2-440E-911B-9BF3DA33B8F5}.Release|Any CPU.Build.0 = Release|Any CPU
	EndGlobalSection
	GlobalSection(SolutionProperties) = preSolution
		HideSolutionNode = FALSE
	EndGlobalSection
	GlobalSection(NestedProjects) = preSolution
		{4ED5A136-7662-4CEF-9FDC-65239702D9AB} = {F746AC51-7A3B-46FC-9B46-A31CFAB69D5D}
		{005F77A9-56A9-43C0-9F7B-DD6BB3087988} = {F746AC51-7A3B-46FC-9B46-A31CFAB69D5D}
		{C627631A-B560-4947-A7B6-ADC24CF64C8B} = {F746AC51-7A3B-46FC-9B46-A31CFAB69D5D}
		{0DAF5DEC-04EE-4AC7-8E40-F880421717BE} = {F746AC51-7A3B-46FC-9B46-A31CFAB69D5D}
		{9149A73F-236A-43FB-8107-32DD288A9F03} = {F746AC51-7A3B-46FC-9B46-A31CFAB69D5D}
		{17CD1FA4-19B2-440E-911B-9BF3DA33B8F5} = {F746AC51-7A3B-46FC-9B46-A31CFAB69D5D}
	EndGlobalSection
	GlobalSection(ExtensibilityGlobals) = postSolution
		SolutionGuid = {2EEB25CA-FD11-4080-9F5C-1AC33119F565}
	EndGlobalSection
EndGlobal
