
Microsoft Visual Studio Solution File, Format Version 12.00
# Visual Studio Version 17
VisualStudioVersion = 17.12.35707.178
MinimumVisualStudioVersion = 10.0.40219.1
Project("{2150E333-8FDC-42A3-9474-1A3956D46DE8}") = "Poc", "Poc", "{42900C23-D618-4247-AEFD-CF1E31D544D0}"
EndProject
Project("{FAE04EC0-301F-11D3-BF4B-00C04F79EFBC}") = "CronDemo", "Poc\CronDemo\CronDemo.csproj", "{82B3EBC9-730A-4A92-9456-E1AE720C1119}"
EndProject
Project("{FAE04EC0-301F-11D3-BF4B-00C04F79EFBC}") = "Injection", "Poc\Injection\Injection.csproj", "{7556A952-15A1-440D-9BF5-85B15D5505B2}"
EndProject
Project("{FAE04EC0-301F-11D3-BF4B-00C04F79EFBC}") = "InjectionDependency", "Poc\InjectionDependency\InjectionDependency.csproj", "{19439D4F-C4A3-43E5-95D1-74F81F606052}"
EndProject
Project("{FAE04EC0-301F-11D3-BF4B-00C04F79EFBC}") = "InterfaceCSharp", "Poc\InterfaceCSharp\InterfaceCSharp.csproj", "{CE03078F-C028-4085-8857-A4D2C5588DAC}"
EndProject
Project("{FAE04EC0-301F-11D3-BF4B-00C04F79EFBC}") = "MauiApp1", "Poc\MauiApp1\MauiApp1.csproj", "{7E638432-23DF-43D9-8576-64C04557ABED}"
EndProject
Project("{FAE04EC0-301F-11D3-BF4B-00C04F79EFBC}") = "MauiApp2", "Poc\MauiApp2\MauiApp2.csproj", "{96D1F87F-4BB8-40BD-943C-5324A3D5FEC0}"
EndProject
Project("{2150E333-8FDC-42A3-9474-1A3956D46DE8}") = "Comline", "Comline", "{60B123DB-BE26-4CFF-BD1C-0B0984E8CEC3}"
EndProject
Project("{FAE04EC0-301F-11D3-BF4B-00C04F79EFBC}") = "ComlineApi", "Comline\ComlineApi\ComlineApi.csproj", "{BE4ED756-62DF-44BB-B179-65CD8E438978}"
EndProject
Project("{FAE04EC0-301F-11D3-BF4B-00C04F79EFBC}") = "ComLineCommon", "Comline\ComLineCommon\ComLineCommon.csproj", "{8E0E8CB4-F438-4914-95F8-D6CEE81639B2}"
EndProject
Project("{FAE04EC0-301F-11D3-BF4B-00C04F79EFBC}") = "ComLineConsoleApp", "Comline\ComLineConsoleApp\ComLineConsoleApp.csproj", "{1A82DA64-DDC8-445B-BC15-F648A0481480}"
EndProject
Project("{FAE04EC0-301F-11D3-BF4B-00C04F79EFBC}") = "ComLineData", "Comline\ComLineData\ComLineData.csproj", "{4FA029A4-C625-4995-B1A6-6A66019187B0}"
EndProject
Project("{FAE04EC0-301F-11D3-BF4B-00C04F79EFBC}") = "ComLineManager", "Comline\ComlineManager\ComLineManager.csproj", "{EB4D3A44-8FD5-4808-98B5-10EB9725D6E3}"
EndProject
Project("{2150E333-8FDC-42A3-9474-1A3956D46DE8}") = "Divers", "Divers", "{618967FA-E7DD-4B4E-96CE-3B3119F2700C}"
	ProjectSection(SolutionItems) = preProject
		Extra\scenario1.ps1 = Extra\scenario1.ps1
		Extra\scenario2.ps1 = Extra\scenario2.ps1
		Extra\scenario3.ps1 = Extra\scenario3.ps1
		Extra\scenario4.ps1 = Extra\scenario4.ps1
		Extra\scenario5.ps1 = Extra\scenario5.ps1
		Extra\scenario6.ps1 = Extra\scenario6.ps1
		Extra\scenario7.ps1 = Extra\scenario7.ps1
		Extra\scenario8.ps1 = Extra\scenario8.ps1
	EndProjectSection
EndProject
Project("{2150E333-8FDC-42A3-9474-1A3956D46DE8}") = "Manosque", "Manosque", "{89C962F0-5DB1-4615-B1C5-7B9E662388CB}"
EndProject
Project("{FAE04EC0-301F-11D3-BF4B-00C04F79EFBC}") = "Manosque.Console", "Manosque\Manosque.Console\Manosque.Console.csproj", "{6E8979AF-0853-40B8-85DD-B66D7F031BF6}"
EndProject
Project("{FAE04EC0-301F-11D3-BF4B-00C04F79EFBC}") = "Manosque.Maui", "Manosque\Manosque.Maui\Manosque.Maui.csproj", "{763FE1F3-7817-4D29-B9FF-DD1594A908CE}"
EndProject
Project("{FAE04EC0-301F-11D3-BF4B-00C04F79EFBC}") = "Manosque.ServiceData", "Manosque\Manosque.ServiceData\Manosque.ServiceData.csproj", "{7627C011-80FE-4C17-9965-779514376F0B}"
EndProject
Project("{FAE04EC0-301F-11D3-BF4B-00C04F79EFBC}") = "Manosque.WebMaui", "Manosque\Manosque.WebMaui\Manosque.WebMaui.csproj", "{93A8DB35-DC96-45E9-BC08-9CAFC3464AAA}"
EndProject
Project("{2150E333-8FDC-42A3-9474-1A3956D46DE8}") = "Services", "Services", "{87225832-DDDF-4676-8346-60B05BE05B2A}"
EndProject
Project("{FAE04EC0-301F-11D3-BF4B-00C04F79EFBC}") = "ServiceDataBase", "Services\ComlineServiceData\ServiceDataBase.csproj", "{96C7F936-4361-468A-A36E-F097DA7B9E34}"
EndProject
Project("{FAE04EC0-301F-11D3-BF4B-00C04F79EFBC}") = "ServiceSystem", "Services\ComlineServiceSystem\ServiceSystem.csproj", "{5CF73E6D-03D7-41FC-9420-BE33650F53CE}"
EndProject
Project("{FAE04EC0-301F-11D3-BF4B-00C04F79EFBC}") = "ServiceApi", "Services\ServiceApi\ServiceApi.csproj", "{FD0148DD-ECAA-423F-9C41-F6907AC053E1}"
EndProject
Project("{FAE04EC0-301F-11D3-BF4B-00C04F79EFBC}") = "AndroidMaui", "AndroidMaui\AndroidMaui.csproj", "{8631C2AC-D66C-4CA8-BA9D-726C04162EB0}"
EndProject
Global
	GlobalSection(SolutionConfigurationPlatforms) = preSolution
		Debug|Any CPU = Debug|Any CPU
		Release|Any CPU = Release|Any CPU
	EndGlobalSection
	GlobalSection(ProjectConfigurationPlatforms) = postSolution
		{82B3EBC9-730A-4A92-9456-E1AE720C1119}.Debug|Any CPU.ActiveCfg = Debug|Any CPU
		{82B3EBC9-730A-4A92-9456-E1AE720C1119}.Debug|Any CPU.Build.0 = Debug|Any CPU
		{82B3EBC9-730A-4A92-9456-E1AE720C1119}.Release|Any CPU.ActiveCfg = Release|Any CPU
		{82B3EBC9-730A-4A92-9456-E1AE720C1119}.Release|Any CPU.Build.0 = Release|Any CPU
		{7556A952-15A1-440D-9BF5-85B15D5505B2}.Debug|Any CPU.ActiveCfg = Debug|Any CPU
		{7556A952-15A1-440D-9BF5-85B15D5505B2}.Debug|Any CPU.Build.0 = Debug|Any CPU
		{7556A952-15A1-440D-9BF5-85B15D5505B2}.Debug|Any CPU.Deploy.0 = Debug|Any CPU
		{7556A952-15A1-440D-9BF5-85B15D5505B2}.Release|Any CPU.ActiveCfg = Release|Any CPU
		{7556A952-15A1-440D-9BF5-85B15D5505B2}.Release|Any CPU.Build.0 = Release|Any CPU
		{7556A952-15A1-440D-9BF5-85B15D5505B2}.Release|Any CPU.Deploy.0 = Release|Any CPU
		{19439D4F-C4A3-43E5-95D1-74F81F606052}.Debug|Any CPU.ActiveCfg = Debug|Any CPU
		{19439D4F-C4A3-43E5-95D1-74F81F606052}.Debug|Any CPU.Build.0 = Debug|Any CPU
		{19439D4F-C4A3-43E5-95D1-74F81F606052}.Release|Any CPU.ActiveCfg = Release|Any CPU
		{19439D4F-C4A3-43E5-95D1-74F81F606052}.Release|Any CPU.Build.0 = Release|Any CPU
		{CE03078F-C028-4085-8857-A4D2C5588DAC}.Debug|Any CPU.ActiveCfg = Debug|Any CPU
		{CE03078F-C028-4085-8857-A4D2C5588DAC}.Debug|Any CPU.Build.0 = Debug|Any CPU
		{CE03078F-C028-4085-8857-A4D2C5588DAC}.Release|Any CPU.ActiveCfg = Release|Any CPU
		{CE03078F-C028-4085-8857-A4D2C5588DAC}.Release|Any CPU.Build.0 = Release|Any CPU
		{7E638432-23DF-43D9-8576-64C04557ABED}.Debug|Any CPU.ActiveCfg = Debug|Any CPU
		{7E638432-23DF-43D9-8576-64C04557ABED}.Debug|Any CPU.Build.0 = Debug|Any CPU
		{7E638432-23DF-43D9-8576-64C04557ABED}.Debug|Any CPU.Deploy.0 = Debug|Any CPU
		{7E638432-23DF-43D9-8576-64C04557ABED}.Release|Any CPU.ActiveCfg = Release|Any CPU
		{7E638432-23DF-43D9-8576-64C04557ABED}.Release|Any CPU.Build.0 = Release|Any CPU
		{7E638432-23DF-43D9-8576-64C04557ABED}.Release|Any CPU.Deploy.0 = Release|Any CPU
		{96D1F87F-4BB8-40BD-943C-5324A3D5FEC0}.Debug|Any CPU.ActiveCfg = Debug|Any CPU
		{96D1F87F-4BB8-40BD-943C-5324A3D5FEC0}.Debug|Any CPU.Build.0 = Debug|Any CPU
		{96D1F87F-4BB8-40BD-943C-5324A3D5FEC0}.Debug|Any CPU.Deploy.0 = Debug|Any CPU
		{96D1F87F-4BB8-40BD-943C-5324A3D5FEC0}.Release|Any CPU.ActiveCfg = Release|Any CPU
		{96D1F87F-4BB8-40BD-943C-5324A3D5FEC0}.Release|Any CPU.Build.0 = Release|Any CPU
		{96D1F87F-4BB8-40BD-943C-5324A3D5FEC0}.Release|Any CPU.Deploy.0 = Release|Any CPU
		{BE4ED756-62DF-44BB-B179-65CD8E438978}.Debug|Any CPU.ActiveCfg = Debug|Any CPU
		{BE4ED756-62DF-44BB-B179-65CD8E438978}.Debug|Any CPU.Build.0 = Debug|Any CPU
		{BE4ED756-62DF-44BB-B179-65CD8E438978}.Release|Any CPU.ActiveCfg = Release|Any CPU
		{BE4ED756-62DF-44BB-B179-65CD8E438978}.Release|Any CPU.Build.0 = Release|Any CPU
		{8E0E8CB4-F438-4914-95F8-D6CEE81639B2}.Debug|Any CPU.ActiveCfg = Debug|Any CPU
		{8E0E8CB4-F438-4914-95F8-D6CEE81639B2}.Debug|Any CPU.Build.0 = Debug|Any CPU
		{8E0E8CB4-F438-4914-95F8-D6CEE81639B2}.Release|Any CPU.ActiveCfg = Release|Any CPU
		{8E0E8CB4-F438-4914-95F8-D6CEE81639B2}.Release|Any CPU.Build.0 = Release|Any CPU
		{1A82DA64-DDC8-445B-BC15-F648A0481480}.Debug|Any CPU.ActiveCfg = Debug|Any CPU
		{1A82DA64-DDC8-445B-BC15-F648A0481480}.Debug|Any CPU.Build.0 = Debug|Any CPU
		{1A82DA64-DDC8-445B-BC15-F648A0481480}.Release|Any CPU.ActiveCfg = Release|Any CPU
		{1A82DA64-DDC8-445B-BC15-F648A0481480}.Release|Any CPU.Build.0 = Release|Any CPU
		{4FA029A4-C625-4995-B1A6-6A66019187B0}.Debug|Any CPU.ActiveCfg = Debug|Any CPU
		{4FA029A4-C625-4995-B1A6-6A66019187B0}.Debug|Any CPU.Build.0 = Debug|Any CPU
		{4FA029A4-C625-4995-B1A6-6A66019187B0}.Release|Any CPU.ActiveCfg = Release|Any CPU
		{4FA029A4-C625-4995-B1A6-6A66019187B0}.Release|Any CPU.Build.0 = Release|Any CPU
		{EB4D3A44-8FD5-4808-98B5-10EB9725D6E3}.Debug|Any CPU.ActiveCfg = Debug|Any CPU
		{EB4D3A44-8FD5-4808-98B5-10EB9725D6E3}.Debug|Any CPU.Build.0 = Debug|Any CPU
		{EB4D3A44-8FD5-4808-98B5-10EB9725D6E3}.Release|Any CPU.ActiveCfg = Release|Any CPU
		{EB4D3A44-8FD5-4808-98B5-10EB9725D6E3}.Release|Any CPU.Build.0 = Release|Any CPU
		{6E8979AF-0853-40B8-85DD-B66D7F031BF6}.Debug|Any CPU.ActiveCfg = Debug|Any CPU
		{6E8979AF-0853-40B8-85DD-B66D7F031BF6}.Debug|Any CPU.Build.0 = Debug|Any CPU
		{6E8979AF-0853-40B8-85DD-B66D7F031BF6}.Release|Any CPU.ActiveCfg = Release|Any CPU
		{6E8979AF-0853-40B8-85DD-B66D7F031BF6}.Release|Any CPU.Build.0 = Release|Any CPU
		{763FE1F3-7817-4D29-B9FF-DD1594A908CE}.Debug|Any CPU.ActiveCfg = Debug|Any CPU
		{763FE1F3-7817-4D29-B9FF-DD1594A908CE}.Debug|Any CPU.Build.0 = Debug|Any CPU
		{763FE1F3-7817-4D29-B9FF-DD1594A908CE}.Debug|Any CPU.Deploy.0 = Debug|Any CPU
		{763FE1F3-7817-4D29-B9FF-DD1594A908CE}.Release|Any CPU.ActiveCfg = Release|Any CPU
		{763FE1F3-7817-4D29-B9FF-DD1594A908CE}.Release|Any CPU.Build.0 = Release|Any CPU
		{763FE1F3-7817-4D29-B9FF-DD1594A908CE}.Release|Any CPU.Deploy.0 = Release|Any CPU
		{7627C011-80FE-4C17-9965-779514376F0B}.Debug|Any CPU.ActiveCfg = Debug|Any CPU
		{7627C011-80FE-4C17-9965-779514376F0B}.Debug|Any CPU.Build.0 = Debug|Any CPU
		{7627C011-80FE-4C17-9965-779514376F0B}.Release|Any CPU.ActiveCfg = Release|Any CPU
		{7627C011-80FE-4C17-9965-779514376F0B}.Release|Any CPU.Build.0 = Release|Any CPU
		{93A8DB35-DC96-45E9-BC08-9CAFC3464AAA}.Debug|Any CPU.ActiveCfg = Debug|Any CPU
		{93A8DB35-DC96-45E9-BC08-9CAFC3464AAA}.Debug|Any CPU.Build.0 = Debug|Any CPU
		{93A8DB35-DC96-45E9-BC08-9CAFC3464AAA}.Debug|Any CPU.Deploy.0 = Debug|Any CPU
		{93A8DB35-DC96-45E9-BC08-9CAFC3464AAA}.Release|Any CPU.ActiveCfg = Release|Any CPU
		{93A8DB35-DC96-45E9-BC08-9CAFC3464AAA}.Release|Any CPU.Build.0 = Release|Any CPU
		{93A8DB35-DC96-45E9-BC08-9CAFC3464AAA}.Release|Any CPU.Deploy.0 = Release|Any CPU
		{96C7F936-4361-468A-A36E-F097DA7B9E34}.Debug|Any CPU.ActiveCfg = Debug|Any CPU
		{96C7F936-4361-468A-A36E-F097DA7B9E34}.Debug|Any CPU.Build.0 = Debug|Any CPU
		{96C7F936-4361-468A-A36E-F097DA7B9E34}.Release|Any CPU.ActiveCfg = Release|Any CPU
		{96C7F936-4361-468A-A36E-F097DA7B9E34}.Release|Any CPU.Build.0 = Release|Any CPU
		{5CF73E6D-03D7-41FC-9420-BE33650F53CE}.Debug|Any CPU.ActiveCfg = Debug|Any CPU
		{5CF73E6D-03D7-41FC-9420-BE33650F53CE}.Debug|Any CPU.Build.0 = Debug|Any CPU
		{5CF73E6D-03D7-41FC-9420-BE33650F53CE}.Release|Any CPU.ActiveCfg = Release|Any CPU
		{5CF73E6D-03D7-41FC-9420-BE33650F53CE}.Release|Any CPU.Build.0 = Release|Any CPU
		{FD0148DD-ECAA-423F-9C41-F6907AC053E1}.Debug|Any CPU.ActiveCfg = Debug|Any CPU
		{FD0148DD-ECAA-423F-9C41-F6907AC053E1}.Debug|Any CPU.Build.0 = Debug|Any CPU
		{FD0148DD-ECAA-423F-9C41-F6907AC053E1}.Release|Any CPU.ActiveCfg = Release|Any CPU
		{FD0148DD-ECAA-423F-9C41-F6907AC053E1}.Release|Any CPU.Build.0 = Release|Any CPU
		{8631C2AC-D66C-4CA8-BA9D-726C04162EB0}.Debug|Any CPU.ActiveCfg = Debug|Any CPU
		{8631C2AC-D66C-4CA8-BA9D-726C04162EB0}.Debug|Any CPU.Build.0 = Debug|Any CPU
		{8631C2AC-D66C-4CA8-BA9D-726C04162EB0}.Release|Any CPU.ActiveCfg = Release|Any CPU
		{8631C2AC-D66C-4CA8-BA9D-726C04162EB0}.Release|Any CPU.Build.0 = Release|Any CPU
	EndGlobalSection
	GlobalSection(SolutionProperties) = preSolution
		HideSolutionNode = FALSE
	EndGlobalSection
	GlobalSection(NestedProjects) = preSolution
		{82B3EBC9-730A-4A92-9456-E1AE720C1119} = {42900C23-D618-4247-AEFD-CF1E31D544D0}
		{7556A952-15A1-440D-9BF5-85B15D5505B2} = {42900C23-D618-4247-AEFD-CF1E31D544D0}
		{19439D4F-C4A3-43E5-95D1-74F81F606052} = {42900C23-D618-4247-AEFD-CF1E31D544D0}
		{CE03078F-C028-4085-8857-A4D2C5588DAC} = {42900C23-D618-4247-AEFD-CF1E31D544D0}
		{7E638432-23DF-43D9-8576-64C04557ABED} = {42900C23-D618-4247-AEFD-CF1E31D544D0}
		{96D1F87F-4BB8-40BD-943C-5324A3D5FEC0} = {42900C23-D618-4247-AEFD-CF1E31D544D0}
		{BE4ED756-62DF-44BB-B179-65CD8E438978} = {60B123DB-BE26-4CFF-BD1C-0B0984E8CEC3}
		{8E0E8CB4-F438-4914-95F8-D6CEE81639B2} = {60B123DB-BE26-4CFF-BD1C-0B0984E8CEC3}
		{1A82DA64-DDC8-445B-BC15-F648A0481480} = {60B123DB-BE26-4CFF-BD1C-0B0984E8CEC3}
		{4FA029A4-C625-4995-B1A6-6A66019187B0} = {60B123DB-BE26-4CFF-BD1C-0B0984E8CEC3}
		{EB4D3A44-8FD5-4808-98B5-10EB9725D6E3} = {60B123DB-BE26-4CFF-BD1C-0B0984E8CEC3}
		{6E8979AF-0853-40B8-85DD-B66D7F031BF6} = {89C962F0-5DB1-4615-B1C5-7B9E662388CB}
		{763FE1F3-7817-4D29-B9FF-DD1594A908CE} = {89C962F0-5DB1-4615-B1C5-7B9E662388CB}
		{7627C011-80FE-4C17-9965-779514376F0B} = {89C962F0-5DB1-4615-B1C5-7B9E662388CB}
		{93A8DB35-DC96-45E9-BC08-9CAFC3464AAA} = {89C962F0-5DB1-4615-B1C5-7B9E662388CB}
		{96C7F936-4361-468A-A36E-F097DA7B9E34} = {87225832-DDDF-4676-8346-60B05BE05B2A}
		{5CF73E6D-03D7-41FC-9420-BE33650F53CE} = {87225832-DDDF-4676-8346-60B05BE05B2A}
		{FD0148DD-ECAA-423F-9C41-F6907AC053E1} = {87225832-DDDF-4676-8346-60B05BE05B2A}
		{8631C2AC-D66C-4CA8-BA9D-726C04162EB0} = {42900C23-D618-4247-AEFD-CF1E31D544D0}
	EndGlobalSection
	GlobalSection(ExtensibilityGlobals) = postSolution
		SolutionGuid = {2EEB25CA-FD11-4080-9F5C-1AC33119F565}
	EndGlobalSection
EndGlobal
